
Microsoft Visual Studio Solution File, Format Version 12.00
# Visual Studio 14
VisualStudioVersion = 14.0.25420.1
MinimumVisualStudioVersion = 10.0.40219.1
Project("{FAE04EC0-301F-11D3-BF4B-00C04F79EFBC}") = "XamarinFormsTrials1", "XamarinFormsTrials1\XamarinFormsTrials1\XamarinFormsTrials1.csproj", "{7E1221E9-645C-4945-BC12-8B07FE63C4DB}"
EndProject
Project("{FAE04EC0-301F-11D3-BF4B-00C04F79EFBC}") = "XamarinFormsTrials1.Droid", "XamarinFormsTrials1\XamarinFormsTrials1.Droid\XamarinFormsTrials1.Droid.csproj", "{208834B8-96DD-45A3-A58D-F9A4C43B8994}"
EndProject
Project("{FAE04EC0-301F-11D3-BF4B-00C04F79EFBC}") = "XamarinFormsTrials1.iOS", "XamarinFormsTrials1\XamarinFormsTrials1.iOS\XamarinFormsTrials1.iOS.csproj", "{44DCC32A-0AF9-4F7D-9EDB-DDFCAF38BC93}"
EndProject
Project("{FAE04EC0-301F-11D3-BF4B-00C04F79EFBC}") = "XamarinFormsTrials1.WinPhone", "XamarinFormsTrials1\XamarinFormsTrials1.WinPhone\XamarinFormsTrials1.WinPhone.csproj", "{95B7A1B9-AAF8-4B4F-96DC-2F550F9D2969}"
EndProject
Project("{FAE04EC0-301F-11D3-BF4B-00C04F79EFBC}") = "XamarinFormsTrials1.Windows", "XamarinFormsTrials1\XamarinFormsTrials1.Windows\XamarinFormsTrials1.Windows.csproj", "{2F68E5E2-4807-4B4B-860C-62202043D193}"
EndProject
Global
	GlobalSection(SolutionConfigurationPlatforms) = preSolution
		Ad-Hoc|Any CPU = Ad-Hoc|Any CPU
		Ad-Hoc|ARM = Ad-Hoc|ARM
		Ad-Hoc|iPhone = Ad-Hoc|iPhone
		Ad-Hoc|iPhoneSimulator = Ad-Hoc|iPhoneSimulator
		Ad-Hoc|x64 = Ad-Hoc|x64
		Ad-Hoc|x86 = Ad-Hoc|x86
		AppStore|Any CPU = AppStore|Any CPU
		AppStore|ARM = AppStore|ARM
		AppStore|iPhone = AppStore|iPhone
		AppStore|iPhoneSimulator = AppStore|iPhoneSimulator
		AppStore|x64 = AppStore|x64
		AppStore|x86 = AppStore|x86
		Debug|Any CPU = Debug|Any CPU
		Debug|ARM = Debug|ARM
		Debug|iPhone = Debug|iPhone
		Debug|iPhoneSimulator = Debug|iPhoneSimulator
		Debug|x64 = Debug|x64
		Debug|x86 = Debug|x86
		Release|Any CPU = Release|Any CPU
		Release|ARM = Release|ARM
		Release|iPhone = Release|iPhone
		Release|iPhoneSimulator = Release|iPhoneSimulator
		Release|x64 = Release|x64
		Release|x86 = Release|x86
	EndGlobalSection
	GlobalSection(ProjectConfigurationPlatforms) = postSolution
		{7E1221E9-645C-4945-BC12-8B07FE63C4DB}.Ad-Hoc|Any CPU.ActiveCfg = Release|Any CPU
		{7E1221E9-645C-4945-BC12-8B07FE63C4DB}.Ad-Hoc|Any CPU.Build.0 = Release|Any CPU
		{7E1221E9-645C-4945-BC12-8B07FE63C4DB}.Ad-Hoc|ARM.ActiveCfg = Release|Any CPU
		{7E1221E9-645C-4945-BC12-8B07FE63C4DB}.Ad-Hoc|ARM.Build.0 = Release|Any CPU
		{7E1221E9-645C-4945-BC12-8B07FE63C4DB}.Ad-Hoc|iPhone.ActiveCfg = Release|Any CPU
		{7E1221E9-645C-4945-BC12-8B07FE63C4DB}.Ad-Hoc|iPhone.Build.0 = Release|Any CPU
		{7E1221E9-645C-4945-BC12-8B07FE63C4DB}.Ad-Hoc|iPhoneSimulator.ActiveCfg = Release|Any CPU
		{7E1221E9-645C-4945-BC12-8B07FE63C4DB}.Ad-Hoc|iPhoneSimulator.Build.0 = Release|Any CPU
		{7E1221E9-645C-4945-BC12-8B07FE63C4DB}.Ad-Hoc|x64.ActiveCfg = Release|Any CPU
		{7E1221E9-645C-4945-BC12-8B07FE63C4DB}.Ad-Hoc|x64.Build.0 = Release|Any CPU
		{7E1221E9-645C-4945-BC12-8B07FE63C4DB}.Ad-Hoc|x86.ActiveCfg = Release|Any CPU
		{7E1221E9-645C-4945-BC12-8B07FE63C4DB}.Ad-Hoc|x86.Build.0 = Release|Any CPU
		{7E1221E9-645C-4945-BC12-8B07FE63C4DB}.AppStore|Any CPU.ActiveCfg = Release|Any CPU
		{7E1221E9-645C-4945-BC12-8B07FE63C4DB}.AppStore|Any CPU.Build.0 = Release|Any CPU
		{7E1221E9-645C-4945-BC12-8B07FE63C4DB}.AppStore|ARM.ActiveCfg = Release|Any CPU
		{7E1221E9-645C-4945-BC12-8B07FE63C4DB}.AppStore|ARM.Build.0 = Release|Any CPU
		{7E1221E9-645C-4945-BC12-8B07FE63C4DB}.AppStore|iPhone.ActiveCfg = Release|Any CPU
		{7E1221E9-645C-4945-BC12-8B07FE63C4DB}.AppStore|iPhone.Build.0 = Release|Any CPU
		{7E1221E9-645C-4945-BC12-8B07FE63C4DB}.AppStore|iPhoneSimulator.ActiveCfg = Release|Any CPU
		{7E1221E9-645C-4945-BC12-8B07FE63C4DB}.AppStore|iPhoneSimulator.Build.0 = Release|Any CPU
		{7E1221E9-645C-4945-BC12-8B07FE63C4DB}.AppStore|x64.ActiveCfg = Release|Any CPU
		{7E1221E9-645C-4945-BC12-8B07FE63C4DB}.AppStore|x64.Build.0 = Release|Any CPU
		{7E1221E9-645C-4945-BC12-8B07FE63C4DB}.AppStore|x86.ActiveCfg = Release|Any CPU
		{7E1221E9-645C-4945-BC12-8B07FE63C4DB}.AppStore|x86.Build.0 = Release|Any CPU
		{7E1221E9-645C-4945-BC12-8B07FE63C4DB}.Debug|Any CPU.ActiveCfg = Debug|Any CPU
		{7E1221E9-645C-4945-BC12-8B07FE63C4DB}.Debug|Any CPU.Build.0 = Debug|Any CPU
		{7E1221E9-645C-4945-BC12-8B07FE63C4DB}.Debug|ARM.ActiveCfg = Debug|Any CPU
		{7E1221E9-645C-4945-BC12-8B07FE63C4DB}.Debug|ARM.Build.0 = Debug|Any CPU
		{7E1221E9-645C-4945-BC12-8B07FE63C4DB}.Debug|iPhone.ActiveCfg = Debug|Any CPU
		{7E1221E9-645C-4945-BC12-8B07FE63C4DB}.Debug|iPhone.Build.0 = Debug|Any CPU
		{7E1221E9-645C-4945-BC12-8B07FE63C4DB}.Debug|iPhoneSimulator.ActiveCfg = Debug|Any CPU
		{7E1221E9-645C-4945-BC12-8B07FE63C4DB}.Debug|iPhoneSimulator.Build.0 = Debug|Any CPU
		{7E1221E9-645C-4945-BC12-8B07FE63C4DB}.Debug|x64.ActiveCfg = Debug|Any CPU
		{7E1221E9-645C-4945-BC12-8B07FE63C4DB}.Debug|x64.Build.0 = Debug|Any CPU
		{7E1221E9-645C-4945-BC12-8B07FE63C4DB}.Debug|x86.ActiveCfg = Debug|Any CPU
		{7E1221E9-645C-4945-BC12-8B07FE63C4DB}.Debug|x86.Build.0 = Debug|Any CPU
		{7E1221E9-645C-4945-BC12-8B07FE63C4DB}.Release|Any CPU.ActiveCfg = Release|Any CPU
		{7E1221E9-645C-4945-BC12-8B07FE63C4DB}.Release|Any CPU.Build.0 = Release|Any CPU
		{7E1221E9-645C-4945-BC12-8B07FE63C4DB}.Release|ARM.ActiveCfg = Release|Any CPU
		{7E1221E9-645C-4945-BC12-8B07FE63C4DB}.Release|ARM.Build.0 = Release|Any CPU
		{7E1221E9-645C-4945-BC12-8B07FE63C4DB}.Release|iPhone.ActiveCfg = Release|Any CPU
		{7E1221E9-645C-4945-BC12-8B07FE63C4DB}.Release|iPhone.Build.0 = Release|Any CPU
		{7E1221E9-645C-4945-BC12-8B07FE63C4DB}.Release|iPhoneSimulator.ActiveCfg = Release|Any CPU
		{7E1221E9-645C-4945-BC12-8B07FE63C4DB}.Release|iPhoneSimulator.Build.0 = Release|Any CPU
		{7E1221E9-645C-4945-BC12-8B07FE63C4DB}.Release|x64.ActiveCfg = Release|Any CPU
		{7E1221E9-645C-4945-BC12-8B07FE63C4DB}.Release|x64.Build.0 = Release|Any CPU
		{7E1221E9-645C-4945-BC12-8B07FE63C4DB}.Release|x86.ActiveCfg = Release|Any CPU
		{7E1221E9-645C-4945-BC12-8B07FE63C4DB}.Release|x86.Build.0 = Release|Any CPU
		{208834B8-96DD-45A3-A58D-F9A4C43B8994}.Ad-Hoc|Any CPU.ActiveCfg = Release|Any CPU
		{208834B8-96DD-45A3-A58D-F9A4C43B8994}.Ad-Hoc|Any CPU.Build.0 = Release|Any CPU
		{208834B8-96DD-45A3-A58D-F9A4C43B8994}.Ad-Hoc|Any CPU.Deploy.0 = Release|Any CPU
		{208834B8-96DD-45A3-A58D-F9A4C43B8994}.Ad-Hoc|ARM.ActiveCfg = Release|Any CPU
		{208834B8-96DD-45A3-A58D-F9A4C43B8994}.Ad-Hoc|ARM.Build.0 = Release|Any CPU
		{208834B8-96DD-45A3-A58D-F9A4C43B8994}.Ad-Hoc|ARM.Deploy.0 = Release|Any CPU
		{208834B8-96DD-45A3-A58D-F9A4C43B8994}.Ad-Hoc|iPhone.ActiveCfg = Release|Any CPU
		{208834B8-96DD-45A3-A58D-F9A4C43B8994}.Ad-Hoc|iPhone.Build.0 = Release|Any CPU
		{208834B8-96DD-45A3-A58D-F9A4C43B8994}.Ad-Hoc|iPhone.Deploy.0 = Release|Any CPU
		{208834B8-96DD-45A3-A58D-F9A4C43B8994}.Ad-Hoc|iPhoneSimulator.ActiveCfg = Release|Any CPU
		{208834B8-96DD-45A3-A58D-F9A4C43B8994}.Ad-Hoc|iPhoneSimulator.Build.0 = Release|Any CPU
		{208834B8-96DD-45A3-A58D-F9A4C43B8994}.Ad-Hoc|iPhoneSimulator.Deploy.0 = Release|Any CPU
		{208834B8-96DD-45A3-A58D-F9A4C43B8994}.Ad-Hoc|x64.ActiveCfg = Release|Any CPU
		{208834B8-96DD-45A3-A58D-F9A4C43B8994}.Ad-Hoc|x64.Build.0 = Release|Any CPU
		{208834B8-96DD-45A3-A58D-F9A4C43B8994}.Ad-Hoc|x64.Deploy.0 = Release|Any CPU
		{208834B8-96DD-45A3-A58D-F9A4C43B8994}.Ad-Hoc|x86.ActiveCfg = Release|Any CPU
		{208834B8-96DD-45A3-A58D-F9A4C43B8994}.Ad-Hoc|x86.Build.0 = Release|Any CPU
		{208834B8-96DD-45A3-A58D-F9A4C43B8994}.Ad-Hoc|x86.Deploy.0 = Release|Any CPU
		{208834B8-96DD-45A3-A58D-F9A4C43B8994}.AppStore|Any CPU.ActiveCfg = Release|Any CPU
		{208834B8-96DD-45A3-A58D-F9A4C43B8994}.AppStore|Any CPU.Build.0 = Release|Any CPU
		{208834B8-96DD-45A3-A58D-F9A4C43B8994}.AppStore|Any CPU.Deploy.0 = Release|Any CPU
		{208834B8-96DD-45A3-A58D-F9A4C43B8994}.AppStore|ARM.ActiveCfg = Release|Any CPU
		{208834B8-96DD-45A3-A58D-F9A4C43B8994}.AppStore|ARM.Build.0 = Release|Any CPU
		{208834B8-96DD-45A3-A58D-F9A4C43B8994}.AppStore|ARM.Deploy.0 = Release|Any CPU
		{208834B8-96DD-45A3-A58D-F9A4C43B8994}.AppStore|iPhone.ActiveCfg = Release|Any CPU
		{208834B8-96DD-45A3-A58D-F9A4C43B8994}.AppStore|iPhone.Build.0 = Release|Any CPU
		{208834B8-96DD-45A3-A58D-F9A4C43B8994}.AppStore|iPhone.Deploy.0 = Release|Any CPU
		{208834B8-96DD-45A3-A58D-F9A4C43B8994}.AppStore|iPhoneSimulator.ActiveCfg = Release|Any CPU
		{208834B8-96DD-45A3-A58D-F9A4C43B8994}.AppStore|iPhoneSimulator.Build.0 = Release|Any CPU
		{208834B8-96DD-45A3-A58D-F9A4C43B8994}.AppStore|iPhoneSimulator.Deploy.0 = Release|Any CPU
		{208834B8-96DD-45A3-A58D-F9A4C43B8994}.AppStore|x64.ActiveCfg = Release|Any CPU
		{208834B8-96DD-45A3-A58D-F9A4C43B8994}.AppStore|x64.Build.0 = Release|Any CPU
		{208834B8-96DD-45A3-A58D-F9A4C43B8994}.AppStore|x64.Deploy.0 = Release|Any CPU
		{208834B8-96DD-45A3-A58D-F9A4C43B8994}.AppStore|x86.ActiveCfg = Release|Any CPU
		{208834B8-96DD-45A3-A58D-F9A4C43B8994}.AppStore|x86.Build.0 = Release|Any CPU
		{208834B8-96DD-45A3-A58D-F9A4C43B8994}.AppStore|x86.Deploy.0 = Release|Any CPU
		{208834B8-96DD-45A3-A58D-F9A4C43B8994}.Debug|Any CPU.ActiveCfg = Debug|Any CPU
		{208834B8-96DD-45A3-A58D-F9A4C43B8994}.Debug|Any CPU.Build.0 = Debug|Any CPU
		{208834B8-96DD-45A3-A58D-F9A4C43B8994}.Debug|Any CPU.Deploy.0 = Debug|Any CPU
		{208834B8-96DD-45A3-A58D-F9A4C43B8994}.Debug|ARM.ActiveCfg = Debug|Any CPU
		{208834B8-96DD-45A3-A58D-F9A4C43B8994}.Debug|ARM.Build.0 = Debug|Any CPU
		{208834B8-96DD-45A3-A58D-F9A4C43B8994}.Debug|ARM.Deploy.0 = Debug|Any CPU
		{208834B8-96DD-45A3-A58D-F9A4C43B8994}.Debug|iPhone.ActiveCfg = Debug|Any CPU
		{208834B8-96DD-45A3-A58D-F9A4C43B8994}.Debug|iPhone.Build.0 = Debug|Any CPU
		{208834B8-96DD-45A3-A58D-F9A4C43B8994}.Debug|iPhone.Deploy.0 = Debug|Any CPU
		{208834B8-96DD-45A3-A58D-F9A4C43B8994}.Debug|iPhoneSimulator.ActiveCfg = Debug|Any CPU
		{208834B8-96DD-45A3-A58D-F9A4C43B8994}.Debug|iPhoneSimulator.Build.0 = Debug|Any CPU
		{208834B8-96DD-45A3-A58D-F9A4C43B8994}.Debug|iPhoneSimulator.Deploy.0 = Debug|Any CPU
		{208834B8-96DD-45A3-A58D-F9A4C43B8994}.Debug|x64.ActiveCfg = Debug|Any CPU
		{208834B8-96DD-45A3-A58D-F9A4C43B8994}.Debug|x64.Build.0 = Debug|Any CPU
		{208834B8-96DD-45A3-A58D-F9A4C43B8994}.Debug|x64.Deploy.0 = Debug|Any CPU
		{208834B8-96DD-45A3-A58D-F9A4C43B8994}.Debug|x86.ActiveCfg = Debug|Any CPU
		{208834B8-96DD-45A3-A58D-F9A4C43B8994}.Debug|x86.Build.0 = Debug|Any CPU
		{208834B8-96DD-45A3-A58D-F9A4C43B8994}.Debug|x86.Deploy.0 = Debug|Any CPU
		{208834B8-96DD-45A3-A58D-F9A4C43B8994}.Release|Any CPU.ActiveCfg = Release|Any CPU
		{208834B8-96DD-45A3-A58D-F9A4C43B8994}.Release|Any CPU.Build.0 = Release|Any CPU
		{208834B8-96DD-45A3-A58D-F9A4C43B8994}.Release|Any CPU.Deploy.0 = Release|Any CPU
		{208834B8-96DD-45A3-A58D-F9A4C43B8994}.Release|ARM.ActiveCfg = Release|Any CPU
		{208834B8-96DD-45A3-A58D-F9A4C43B8994}.Release|ARM.Build.0 = Release|Any CPU
		{208834B8-96DD-45A3-A58D-F9A4C43B8994}.Release|ARM.Deploy.0 = Release|Any CPU
		{208834B8-96DD-45A3-A58D-F9A4C43B8994}.Release|iPhone.ActiveCfg = Release|Any CPU
		{208834B8-96DD-45A3-A58D-F9A4C43B8994}.Release|iPhone.Build.0 = Release|Any CPU
		{208834B8-96DD-45A3-A58D-F9A4C43B8994}.Release|iPhone.Deploy.0 = Release|Any CPU
		{208834B8-96DD-45A3-A58D-F9A4C43B8994}.Release|iPhoneSimulator.ActiveCfg = Release|Any CPU
		{208834B8-96DD-45A3-A58D-F9A4C43B8994}.Release|iPhoneSimulator.Build.0 = Release|Any CPU
		{208834B8-96DD-45A3-A58D-F9A4C43B8994}.Release|iPhoneSimulator.Deploy.0 = Release|Any CPU
		{208834B8-96DD-45A3-A58D-F9A4C43B8994}.Release|x64.ActiveCfg = Release|Any CPU
		{208834B8-96DD-45A3-A58D-F9A4C43B8994}.Release|x64.Build.0 = Release|Any CPU
		{208834B8-96DD-45A3-A58D-F9A4C43B8994}.Release|x64.Deploy.0 = Release|Any CPU
		{208834B8-96DD-45A3-A58D-F9A4C43B8994}.Release|x86.ActiveCfg = Release|Any CPU
		{208834B8-96DD-45A3-A58D-F9A4C43B8994}.Release|x86.Build.0 = Release|Any CPU
		{208834B8-96DD-45A3-A58D-F9A4C43B8994}.Release|x86.Deploy.0 = Release|Any CPU
		{44DCC32A-0AF9-4F7D-9EDB-DDFCAF38BC93}.Ad-Hoc|Any CPU.ActiveCfg = Ad-Hoc|iPhone
		{44DCC32A-0AF9-4F7D-9EDB-DDFCAF38BC93}.Ad-Hoc|ARM.ActiveCfg = Ad-Hoc|iPhone
		{44DCC32A-0AF9-4F7D-9EDB-DDFCAF38BC93}.Ad-Hoc|iPhone.ActiveCfg = Ad-Hoc|iPhone
		{44DCC32A-0AF9-4F7D-9EDB-DDFCAF38BC93}.Ad-Hoc|iPhone.Build.0 = Ad-Hoc|iPhone
		{44DCC32A-0AF9-4F7D-9EDB-DDFCAF38BC93}.Ad-Hoc|iPhoneSimulator.ActiveCfg = Ad-Hoc|iPhoneSimulator
		{44DCC32A-0AF9-4F7D-9EDB-DDFCAF38BC93}.Ad-Hoc|iPhoneSimulator.Build.0 = Ad-Hoc|iPhoneSimulator
		{44DCC32A-0AF9-4F7D-9EDB-DDFCAF38BC93}.Ad-Hoc|x64.ActiveCfg = Ad-Hoc|iPhone
		{44DCC32A-0AF9-4F7D-9EDB-DDFCAF38BC93}.Ad-Hoc|x86.ActiveCfg = Ad-Hoc|iPhone
		{44DCC32A-0AF9-4F7D-9EDB-DDFCAF38BC93}.AppStore|Any CPU.ActiveCfg = AppStore|iPhone
		{44DCC32A-0AF9-4F7D-9EDB-DDFCAF38BC93}.AppStore|ARM.ActiveCfg = AppStore|iPhone
		{44DCC32A-0AF9-4F7D-9EDB-DDFCAF38BC93}.AppStore|iPhone.ActiveCfg = AppStore|iPhone
		{44DCC32A-0AF9-4F7D-9EDB-DDFCAF38BC93}.AppStore|iPhone.Build.0 = AppStore|iPhone
		{44DCC32A-0AF9-4F7D-9EDB-DDFCAF38BC93}.AppStore|iPhoneSimulator.ActiveCfg = AppStore|iPhoneSimulator
		{44DCC32A-0AF9-4F7D-9EDB-DDFCAF38BC93}.AppStore|iPhoneSimulator.Build.0 = AppStore|iPhoneSimulator
		{44DCC32A-0AF9-4F7D-9EDB-DDFCAF38BC93}.AppStore|x64.ActiveCfg = AppStore|iPhone
		{44DCC32A-0AF9-4F7D-9EDB-DDFCAF38BC93}.AppStore|x86.ActiveCfg = AppStore|iPhone
		{44DCC32A-0AF9-4F7D-9EDB-DDFCAF38BC93}.Debug|Any CPU.ActiveCfg = Debug|iPhone
		{44DCC32A-0AF9-4F7D-9EDB-DDFCAF38BC93}.Debug|ARM.ActiveCfg = Debug|iPhone
		{44DCC32A-0AF9-4F7D-9EDB-DDFCAF38BC93}.Debug|iPhone.ActiveCfg = Debug|iPhone
		{44DCC32A-0AF9-4F7D-9EDB-DDFCAF38BC93}.Debug|iPhone.Build.0 = Debug|iPhone
		{44DCC32A-0AF9-4F7D-9EDB-DDFCAF38BC93}.Debug|iPhoneSimulator.ActiveCfg = Debug|iPhoneSimulator
		{44DCC32A-0AF9-4F7D-9EDB-DDFCAF38BC93}.Debug|iPhoneSimulator.Build.0 = Debug|iPhoneSimulator
		{44DCC32A-0AF9-4F7D-9EDB-DDFCAF38BC93}.Debug|x64.ActiveCfg = Debug|iPhone
		{44DCC32A-0AF9-4F7D-9EDB-DDFCAF38BC93}.Debug|x86.ActiveCfg = Debug|iPhone
		{44DCC32A-0AF9-4F7D-9EDB-DDFCAF38BC93}.Release|Any CPU.ActiveCfg = Release|iPhone
		{44DCC32A-0AF9-4F7D-9EDB-DDFCAF38BC93}.Release|ARM.ActiveCfg = Release|iPhone
		{44DCC32A-0AF9-4F7D-9EDB-DDFCAF38BC93}.Release|iPhone.ActiveCfg = Release|iPhone
		{44DCC32A-0AF9-4F7D-9EDB-DDFCAF38BC93}.Release|iPhone.Build.0 = Release|iPhone
		{44DCC32A-0AF9-4F7D-9EDB-DDFCAF38BC93}.Release|iPhoneSimulator.ActiveCfg = Release|iPhoneSimulator
		{44DCC32A-0AF9-4F7D-9EDB-DDFCAF38BC93}.Release|iPhoneSimulator.Build.0 = Release|iPhoneSimulator
		{44DCC32A-0AF9-4F7D-9EDB-DDFCAF38BC93}.Release|x64.ActiveCfg = Release|iPhone
		{44DCC32A-0AF9-4F7D-9EDB-DDFCAF38BC93}.Release|x86.ActiveCfg = Release|iPhone
		{95B7A1B9-AAF8-4B4F-96DC-2F550F9D2969}.Ad-Hoc|Any CPU.ActiveCfg = Release|Any CPU
		{95B7A1B9-AAF8-4B4F-96DC-2F550F9D2969}.Ad-Hoc|Any CPU.Build.0 = Release|Any CPU
		{95B7A1B9-AAF8-4B4F-96DC-2F550F9D2969}.Ad-Hoc|Any CPU.Deploy.0 = Release|Any CPU
		{95B7A1B9-AAF8-4B4F-96DC-2F550F9D2969}.Ad-Hoc|ARM.ActiveCfg = Release|ARM
		{95B7A1B9-AAF8-4B4F-96DC-2F550F9D2969}.Ad-Hoc|ARM.Build.0 = Release|ARM
		{95B7A1B9-AAF8-4B4F-96DC-2F550F9D2969}.Ad-Hoc|ARM.Deploy.0 = Release|ARM
		{95B7A1B9-AAF8-4B4F-96DC-2F550F9D2969}.Ad-Hoc|iPhone.ActiveCfg = Release|Any CPU
		{95B7A1B9-AAF8-4B4F-96DC-2F550F9D2969}.Ad-Hoc|iPhone.Build.0 = Release|Any CPU
		{95B7A1B9-AAF8-4B4F-96DC-2F550F9D2969}.Ad-Hoc|iPhone.Deploy.0 = Release|Any CPU
		{95B7A1B9-AAF8-4B4F-96DC-2F550F9D2969}.Ad-Hoc|iPhoneSimulator.ActiveCfg = Release|Any CPU
		{95B7A1B9-AAF8-4B4F-96DC-2F550F9D2969}.Ad-Hoc|iPhoneSimulator.Build.0 = Release|Any CPU
		{95B7A1B9-AAF8-4B4F-96DC-2F550F9D2969}.Ad-Hoc|iPhoneSimulator.Deploy.0 = Release|Any CPU
		{95B7A1B9-AAF8-4B4F-96DC-2F550F9D2969}.Ad-Hoc|x64.ActiveCfg = Release|Any CPU
		{95B7A1B9-AAF8-4B4F-96DC-2F550F9D2969}.Ad-Hoc|x64.Build.0 = Release|Any CPU
		{95B7A1B9-AAF8-4B4F-96DC-2F550F9D2969}.Ad-Hoc|x64.Deploy.0 = Release|Any CPU
		{95B7A1B9-AAF8-4B4F-96DC-2F550F9D2969}.Ad-Hoc|x86.ActiveCfg = Release|x86
		{95B7A1B9-AAF8-4B4F-96DC-2F550F9D2969}.Ad-Hoc|x86.Build.0 = Release|x86
		{95B7A1B9-AAF8-4B4F-96DC-2F550F9D2969}.Ad-Hoc|x86.Deploy.0 = Release|x86
		{95B7A1B9-AAF8-4B4F-96DC-2F550F9D2969}.AppStore|Any CPU.ActiveCfg = Release|Any CPU
		{95B7A1B9-AAF8-4B4F-96DC-2F550F9D2969}.AppStore|Any CPU.Build.0 = Release|Any CPU
		{95B7A1B9-AAF8-4B4F-96DC-2F550F9D2969}.AppStore|Any CPU.Deploy.0 = Release|Any CPU
		{95B7A1B9-AAF8-4B4F-96DC-2F550F9D2969}.AppStore|ARM.ActiveCfg = Release|ARM
		{95B7A1B9-AAF8-4B4F-96DC-2F550F9D2969}.AppStore|ARM.Build.0 = Release|ARM
		{95B7A1B9-AAF8-4B4F-96DC-2F550F9D2969}.AppStore|ARM.Deploy.0 = Release|ARM
		{95B7A1B9-AAF8-4B4F-96DC-2F550F9D2969}.AppStore|iPhone.ActiveCfg = Release|Any CPU
		{95B7A1B9-AAF8-4B4F-96DC-2F550F9D2969}.AppStore|iPhone.Build.0 = Release|Any CPU
		{95B7A1B9-AAF8-4B4F-96DC-2F550F9D2969}.AppStore|iPhone.Deploy.0 = Release|Any CPU
		{95B7A1B9-AAF8-4B4F-96DC-2F550F9D2969}.AppStore|iPhoneSimulator.ActiveCfg = Release|Any CPU
		{95B7A1B9-AAF8-4B4F-96DC-2F550F9D2969}.AppStore|iPhoneSimulator.Build.0 = Release|Any CPU
		{95B7A1B9-AAF8-4B4F-96DC-2F550F9D2969}.AppStore|iPhoneSimulator.Deploy.0 = Release|Any CPU
		{95B7A1B9-AAF8-4B4F-96DC-2F550F9D2969}.AppStore|x64.ActiveCfg = Release|Any CPU
		{95B7A1B9-AAF8-4B4F-96DC-2F550F9D2969}.AppStore|x64.Build.0 = Release|Any CPU
		{95B7A1B9-AAF8-4B4F-96DC-2F550F9D2969}.AppStore|x64.Deploy.0 = Release|Any CPU
		{95B7A1B9-AAF8-4B4F-96DC-2F550F9D2969}.AppStore|x86.ActiveCfg = Release|x86
		{95B7A1B9-AAF8-4B4F-96DC-2F550F9D2969}.AppStore|x86.Build.0 = Release|x86
		{95B7A1B9-AAF8-4B4F-96DC-2F550F9D2969}.AppStore|x86.Deploy.0 = Release|x86
		{95B7A1B9-AAF8-4B4F-96DC-2F550F9D2969}.Debug|Any CPU.ActiveCfg = Debug|Any CPU
		{95B7A1B9-AAF8-4B4F-96DC-2F550F9D2969}.Debug|Any CPU.Build.0 = Debug|Any CPU
		{95B7A1B9-AAF8-4B4F-96DC-2F550F9D2969}.Debug|Any CPU.Deploy.0 = Debug|Any CPU
		{95B7A1B9-AAF8-4B4F-96DC-2F550F9D2969}.Debug|ARM.ActiveCfg = Debug|ARM
		{95B7A1B9-AAF8-4B4F-96DC-2F550F9D2969}.Debug|ARM.Build.0 = Debug|ARM
		{95B7A1B9-AAF8-4B4F-96DC-2F550F9D2969}.Debug|ARM.Deploy.0 = Debug|ARM
		{95B7A1B9-AAF8-4B4F-96DC-2F550F9D2969}.Debug|iPhone.ActiveCfg = Debug|Any CPU
		{95B7A1B9-AAF8-4B4F-96DC-2F550F9D2969}.Debug|iPhone.Build.0 = Debug|Any CPU
		{95B7A1B9-AAF8-4B4F-96DC-2F550F9D2969}.Debug|iPhone.Deploy.0 = Debug|Any CPU
		{95B7A1B9-AAF8-4B4F-96DC-2F550F9D2969}.Debug|iPhoneSimulator.ActiveCfg = Debug|Any CPU
		{95B7A1B9-AAF8-4B4F-96DC-2F550F9D2969}.Debug|iPhoneSimulator.Build.0 = Debug|Any CPU
		{95B7A1B9-AAF8-4B4F-96DC-2F550F9D2969}.Debug|iPhoneSimulator.Deploy.0 = Debug|Any CPU
		{95B7A1B9-AAF8-4B4F-96DC-2F550F9D2969}.Debug|x64.ActiveCfg = Debug|Any CPU
		{95B7A1B9-AAF8-4B4F-96DC-2F550F9D2969}.Debug|x64.Build.0 = Debug|Any CPU
		{95B7A1B9-AAF8-4B4F-96DC-2F550F9D2969}.Debug|x64.Deploy.0 = Debug|Any CPU
		{95B7A1B9-AAF8-4B4F-96DC-2F550F9D2969}.Debug|x86.ActiveCfg = Debug|x86
		{95B7A1B9-AAF8-4B4F-96DC-2F550F9D2969}.Debug|x86.Build.0 = Debug|x86
		{95B7A1B9-AAF8-4B4F-96DC-2F550F9D2969}.Debug|x86.Deploy.0 = Debug|x86
		{95B7A1B9-AAF8-4B4F-96DC-2F550F9D2969}.Release|Any CPU.ActiveCfg = Release|Any CPU
		{95B7A1B9-AAF8-4B4F-96DC-2F550F9D2969}.Release|Any CPU.Build.0 = Release|Any CPU
		{95B7A1B9-AAF8-4B4F-96DC-2F550F9D2969}.Release|Any CPU.Deploy.0 = Release|Any CPU
		{95B7A1B9-AAF8-4B4F-96DC-2F550F9D2969}.Release|ARM.ActiveCfg = Release|ARM
		{95B7A1B9-AAF8-4B4F-96DC-2F550F9D2969}.Release|ARM.Build.0 = Release|ARM
		{95B7A1B9-AAF8-4B4F-96DC-2F550F9D2969}.Release|ARM.Deploy.0 = Release|ARM
		{95B7A1B9-AAF8-4B4F-96DC-2F550F9D2969}.Release|iPhone.ActiveCfg = Release|Any CPU
		{95B7A1B9-AAF8-4B4F-96DC-2F550F9D2969}.Release|iPhone.Build.0 = Release|Any CPU
		{95B7A1B9-AAF8-4B4F-96DC-2F550F9D2969}.Release|iPhone.Deploy.0 = Release|Any CPU
		{95B7A1B9-AAF8-4B4F-96DC-2F550F9D2969}.Release|iPhoneSimulator.ActiveCfg = Release|Any CPU
		{95B7A1B9-AAF8-4B4F-96DC-2F550F9D2969}.Release|iPhoneSimulator.Build.0 = Release|Any CPU
		{95B7A1B9-AAF8-4B4F-96DC-2F550F9D2969}.Release|iPhoneSimulator.Deploy.0 = Release|Any CPU
		{95B7A1B9-AAF8-4B4F-96DC-2F550F9D2969}.Release|x64.ActiveCfg = Release|Any CPU
		{95B7A1B9-AAF8-4B4F-96DC-2F550F9D2969}.Release|x64.Build.0 = Release|Any CPU
		{95B7A1B9-AAF8-4B4F-96DC-2F550F9D2969}.Release|x64.Deploy.0 = Release|Any CPU
		{95B7A1B9-AAF8-4B4F-96DC-2F550F9D2969}.Release|x86.ActiveCfg = Release|x86
		{95B7A1B9-AAF8-4B4F-96DC-2F550F9D2969}.Release|x86.Build.0 = Release|x86
		{95B7A1B9-AAF8-4B4F-96DC-2F550F9D2969}.Release|x86.Deploy.0 = Release|x86
		{2F68E5E2-4807-4B4B-860C-62202043D193}.Ad-Hoc|Any CPU.ActiveCfg = Release|Any CPU
		{2F68E5E2-4807-4B4B-860C-62202043D193}.Ad-Hoc|Any CPU.Build.0 = Release|Any CPU
		{2F68E5E2-4807-4B4B-860C-62202043D193}.Ad-Hoc|Any CPU.Deploy.0 = Release|Any CPU
		{2F68E5E2-4807-4B4B-860C-62202043D193}.Ad-Hoc|ARM.ActiveCfg = Release|ARM
		{2F68E5E2-4807-4B4B-860C-62202043D193}.Ad-Hoc|ARM.Build.0 = Release|ARM
		{2F68E5E2-4807-4B4B-860C-62202043D193}.Ad-Hoc|ARM.Deploy.0 = Release|ARM
		{2F68E5E2-4807-4B4B-860C-62202043D193}.Ad-Hoc|iPhone.ActiveCfg = Release|Any CPU
		{2F68E5E2-4807-4B4B-860C-62202043D193}.Ad-Hoc|iPhone.Build.0 = Release|Any CPU
		{2F68E5E2-4807-4B4B-860C-62202043D193}.Ad-Hoc|iPhone.Deploy.0 = Release|Any CPU
		{2F68E5E2-4807-4B4B-860C-62202043D193}.Ad-Hoc|iPhoneSimulator.ActiveCfg = Release|Any CPU
		{2F68E5E2-4807-4B4B-860C-62202043D193}.Ad-Hoc|iPhoneSimulator.Build.0 = Release|Any CPU
		{2F68E5E2-4807-4B4B-860C-62202043D193}.Ad-Hoc|iPhoneSimulator.Deploy.0 = Release|Any CPU
		{2F68E5E2-4807-4B4B-860C-62202043D193}.Ad-Hoc|x64.ActiveCfg = Release|x64
		{2F68E5E2-4807-4B4B-860C-62202043D193}.Ad-Hoc|x64.Build.0 = Release|x64
		{2F68E5E2-4807-4B4B-860C-62202043D193}.Ad-Hoc|x64.Deploy.0 = Release|x64
		{2F68E5E2-4807-4B4B-860C-62202043D193}.Ad-Hoc|x86.ActiveCfg = Release|x86
		{2F68E5E2-4807-4B4B-860C-62202043D193}.Ad-Hoc|x86.Build.0 = Release|x86
		{2F68E5E2-4807-4B4B-860C-62202043D193}.Ad-Hoc|x86.Deploy.0 = Release|x86
		{2F68E5E2-4807-4B4B-860C-62202043D193}.AppStore|Any CPU.ActiveCfg = Release|Any CPU
		{2F68E5E2-4807-4B4B-860C-62202043D193}.AppStore|Any CPU.Build.0 = Release|Any CPU
		{2F68E5E2-4807-4B4B-860C-62202043D193}.AppStore|Any CPU.Deploy.0 = Release|Any CPU
		{2F68E5E2-4807-4B4B-860C-62202043D193}.AppStore|ARM.ActiveCfg = Release|ARM
		{2F68E5E2-4807-4B4B-860C-62202043D193}.AppStore|ARM.Build.0 = Release|ARM
		{2F68E5E2-4807-4B4B-860C-62202043D193}.AppStore|ARM.Deploy.0 = Release|ARM
		{2F68E5E2-4807-4B4B-860C-62202043D193}.AppStore|iPhone.ActiveCfg = Release|Any CPU
		{2F68E5E2-4807-4B4B-860C-62202043D193}.AppStore|iPhone.Build.0 = Release|Any CPU
		{2F68E5E2-4807-4B4B-860C-62202043D193}.AppStore|iPhone.Deploy.0 = Release|Any CPU
		{2F68E5E2-4807-4B4B-860C-62202043D193}.AppStore|iPhoneSimulator.ActiveCfg = Release|Any CPU
		{2F68E5E2-4807-4B4B-860C-62202043D193}.AppStore|iPhoneSimulator.Build.0 = Release|Any CPU
		{2F68E5E2-4807-4B4B-860C-62202043D193}.AppStore|iPhoneSimulator.Deploy.0 = Release|Any CPU
		{2F68E5E2-4807-4B4B-860C-62202043D193}.AppStore|x64.ActiveCfg = Release|x64
		{2F68E5E2-4807-4B4B-860C-62202043D193}.AppStore|x64.Build.0 = Release|x64
		{2F68E5E2-4807-4B4B-860C-62202043D193}.AppStore|x64.Deploy.0 = Release|x64
		{2F68E5E2-4807-4B4B-860C-62202043D193}.AppStore|x86.ActiveCfg = Release|x86
		{2F68E5E2-4807-4B4B-860C-62202043D193}.AppStore|x86.Build.0 = Release|x86
		{2F68E5E2-4807-4B4B-860C-62202043D193}.AppStore|x86.Deploy.0 = Release|x86
		{2F68E5E2-4807-4B4B-860C-62202043D193}.Debug|Any CPU.ActiveCfg = Debug|Any CPU
		{2F68E5E2-4807-4B4B-860C-62202043D193}.Debug|Any CPU.Build.0 = Debug|Any CPU
		{2F68E5E2-4807-4B4B-860C-62202043D193}.Debug|Any CPU.Deploy.0 = Debug|Any CPU
		{2F68E5E2-4807-4B4B-860C-62202043D193}.Debug|ARM.ActiveCfg = Debug|ARM
		{2F68E5E2-4807-4B4B-860C-62202043D193}.Debug|ARM.Build.0 = Debug|ARM
		{2F68E5E2-4807-4B4B-860C-62202043D193}.Debug|ARM.Deploy.0 = Debug|ARM
		{2F68E5E2-4807-4B4B-860C-62202043D193}.Debug|iPhone.ActiveCfg = Debug|Any CPU
		{2F68E5E2-4807-4B4B-860C-62202043D193}.Debug|iPhone.Build.0 = Debug|Any CPU
		{2F68E5E2-4807-4B4B-860C-62202043D193}.Debug|iPhone.Deploy.0 = Debug|Any CPU
		{2F68E5E2-4807-4B4B-860C-62202043D193}.Debug|iPhoneSimulator.ActiveCfg = Debug|Any CPU
		{2F68E5E2-4807-4B4B-860C-62202043D193}.Debug|iPhoneSimulator.Build.0 = Debug|Any CPU
		{2F68E5E2-4807-4B4B-860C-62202043D193}.Debug|iPhoneSimulator.Deploy.0 = Debug|Any CPU
		{2F68E5E2-4807-4B4B-860C-62202043D193}.Debug|x64.ActiveCfg = Debug|x64
		{2F68E5E2-4807-4B4B-860C-62202043D193}.Debug|x64.Build.0 = Debug|x64
		{2F68E5E2-4807-4B4B-860C-62202043D193}.Debug|x64.Deploy.0 = Debug|x64
		{2F68E5E2-4807-4B4B-860C-62202043D193}.Debug|x86.ActiveCfg = Debug|x86
		{2F68E5E2-4807-4B4B-860C-62202043D193}.Debug|x86.Build.0 = Debug|x86
		{2F68E5E2-4807-4B4B-860C-62202043D193}.Debug|x86.Deploy.0 = Debug|x86
		{2F68E5E2-4807-4B4B-860C-62202043D193}.Release|Any CPU.ActiveCfg = Release|Any CPU
		{2F68E5E2-4807-4B4B-860C-62202043D193}.Release|Any CPU.Build.0 = Release|Any CPU
		{2F68E5E2-4807-4B4B-860C-62202043D193}.Release|Any CPU.Deploy.0 = Release|Any CPU
		{2F68E5E2-4807-4B4B-860C-62202043D193}.Release|ARM.ActiveCfg = Release|ARM
		{2F68E5E2-4807-4B4B-860C-62202043D193}.Release|ARM.Build.0 = Release|ARM
		{2F68E5E2-4807-4B4B-860C-62202043D193}.Release|ARM.Deploy.0 = Release|ARM
		{2F68E5E2-4807-4B4B-860C-62202043D193}.Release|iPhone.ActiveCfg = Release|Any CPU
		{2F68E5E2-4807-4B4B-860C-62202043D193}.Release|iPhone.Build.0 = Release|Any CPU
		{2F68E5E2-4807-4B4B-860C-62202043D193}.Release|iPhone.Deploy.0 = Release|Any CPU
		{2F68E5E2-4807-4B4B-860C-62202043D193}.Release|iPhoneSimulator.ActiveCfg = Release|Any CPU
		{2F68E5E2-4807-4B4B-860C-62202043D193}.Release|iPhoneSimulator.Build.0 = Release|Any CPU
		{2F68E5E2-4807-4B4B-860C-62202043D193}.Release|iPhoneSimulator.Deploy.0 = Release|Any CPU
		{2F68E5E2-4807-4B4B-860C-62202043D193}.Release|x64.ActiveCfg = Release|x64
		{2F68E5E2-4807-4B4B-860C-62202043D193}.Release|x64.Build.0 = Release|x64
		{2F68E5E2-4807-4B4B-860C-62202043D193}.Release|x64.Deploy.0 = Release|x64
		{2F68E5E2-4807-4B4B-860C-62202043D193}.Release|x86.ActiveCfg = Release|x86
		{2F68E5E2-4807-4B4B-860C-62202043D193}.Release|x86.Build.0 = Release|x86
		{2F68E5E2-4807-4B4B-860C-62202043D193}.Release|x86.Deploy.0 = Release|x86
	EndGlobalSection
	GlobalSection(SolutionProperties) = preSolution
		HideSolutionNode = FALSE
	EndGlobalSection
EndGlobal
